// !$*UTF8*$!
{
	archiveVersion = 1;
	classes = {
	};
	objectVersion = 77;
	objects = {

/* Begin PBXBuildFile section */
		196ACFD1BDF12D1C68EB2805 /* PrivacyInfo.xcprivacy in Resources */ = {isa = PBXBuildFile; fileRef = 9B3E579D68599CFF3F7B4383 /* PrivacyInfo.xcprivacy */; };
		2B0BD89E9D1950AD6CE9D931 /* CatchFiveUI in Frameworks */ = {isa = PBXBuildFile; productRef = 8C3AEDE87BDF11591300F118 /* CatchFiveUI */; };
		65AD9165C27E75A83C624D4B /* Assets.xcassets in Resources */ = {isa = PBXBuildFile; fileRef = C30CE2B9240F2C4094DBAFAB /* Assets.xcassets */; };
		8389536425FF69B74BBC1DE5 /* CatchFiveApp.swift in Sources */ = {isa = PBXBuildFile; fileRef = A0A21C058444C61FC449F3F4 /* CatchFiveApp.swift */; };
/* End PBXBuildFile section */

/* Begin PBXFileReference section */
		09661FAA1C3506ADA3F2A835 /* catch-5-app-2985e8 */ = {isa = PBXFileReference; lastKnownFileType = folder; name = "catch-5-app-2985e8"; path = .; sourceTree = SOURCE_ROOT; };
		9B3E579D68599CFF3F7B4383 /* PrivacyInfo.xcprivacy */ = {isa = PBXFileReference; path = PrivacyInfo.xcprivacy; sourceTree = "<group>"; };
		A0A21C058444C61FC449F3F4 /* CatchFiveApp.swift */ = {isa = PBXFileReference; lastKnownFileType = sourcecode.swift; path = CatchFiveApp.swift; sourceTree = "<group>"; };
		C30CE2B9240F2C4094DBAFAB /* Assets.xcassets */ = {isa = PBXFileReference; lastKnownFileType = folder.assetcatalog; path = Assets.xcassets; sourceTree = "<group>"; };
		F01AF627757685E129B9142A /* CatchFiveApp.app */ = {isa = PBXFileReference; includeInIndex = 0; lastKnownFileType = wrapper.application; path = CatchFiveApp.app; sourceTree = BUILT_PRODUCTS_DIR; };
/* End PBXFileReference section */

/* Begin PBXFrameworksBuildPhase section */
		4E4CC33D821939219FF9EAAB /* Frameworks */ = {
			isa = PBXFrameworksBuildPhase;
			buildActionMask = 2147483647;
			files = (
				2B0BD89E9D1950AD6CE9D931 /* CatchFiveUI in Frameworks */,
			);
			runOnlyForDeploymentPostprocessing = 0;
		};
/* End PBXFrameworksBuildPhase section */

/* Begin PBXGroup section */
		1F25F5D57E87C593555967D5 /* App */ = {
			isa = PBXGroup;
			children = (
				C30CE2B9240F2C4094DBAFAB /* Assets.xcassets */,
				A0A21C058444C61FC449F3F4 /* CatchFiveApp.swift */,
				9B3E579D68599CFF3F7B4383 /* PrivacyInfo.xcprivacy */,
			);
			path = App;
			sourceTree = "<group>";
		};
		69E681B29B00FBD4B2B35C3C = {
			isa = PBXGroup;
			children = (
				1F25F5D57E87C593555967D5 /* App */,
				9E1D7A103B7DCEF4FA33CF7B /* Packages */,
				FC6EF619BD462ADC93332AA9 /* Products */,
			);
			sourceTree = "<group>";
		};
		9E1D7A103B7DCEF4FA33CF7B /* Packages */ = {
			isa = PBXGroup;
			children = (
				09661FAA1C3506ADA3F2A835 /* catch-5-app-2985e8 */,
			);
			name = Packages;
			sourceTree = "<group>";
		};
		FC6EF619BD462ADC93332AA9 /* Products */ = {
			isa = PBXGroup;
			children = (
				F01AF627757685E129B9142A /* CatchFiveApp.app */,
			);
			name = Products;
			sourceTree = "<group>";
		};
/* End PBXGroup section */

/* Begin PBXNativeTarget section */
		75BFDC222C4BB0762654E5A7 /* CatchFiveApp */ = {
			isa = PBXNativeTarget;
			buildConfigurationList = 0FD302E4218F032E6F275379 /* Build configuration list for PBXNativeTarget "CatchFiveApp" */;
			buildPhases = (
				D65F07D7E6C429985A6FA0E0 /* Sources */,
				2AE7E62F095AD8B883C76F33 /* Resources */,
				4E4CC33D821939219FF9EAAB /* Frameworks */,
			);
			buildRules = (
			);
			dependencies = (
			);
			name = CatchFiveApp;
			packageProductDependencies = (
				8C3AEDE87BDF11591300F118 /* CatchFiveUI */,
			);
			productName = CatchFiveApp;
			productReference = F01AF627757685E129B9142A /* CatchFiveApp.app */;
			productType = "com.apple.product-type.application";
		};
/* End PBXNativeTarget section */

/* Begin PBXProject section */
		64BA1759B07DF0049DB38550 /* Project object */ = {
			isa = PBXProject;
			attributes = {
				BuildIndependentTargetsInParallel = YES;
				LastUpgradeCheck = 1430;
				TargetAttributes = {
					75BFDC222C4BB0762654E5A7 = {
						ProvisioningStyle = Automatic;
					};
				};
			};
			buildConfigurationList = 27511F5CE595B8C41CE486FA /* Build configuration list for PBXProject "CatchFive" */;
			developmentRegion = en;
			hasScannedForEncodings = 0;
			knownRegions = (
				Base,
				en,
			);
			mainGroup = 69E681B29B00FBD4B2B35C3C;
			minimizedProjectReferenceProxies = 1;
			packageReferences = (
				159809E2370BF38BBC47AECA /* XCLocalSwiftPackageReference "." */,
			);
			preferredProjectObjectVersion = 77;
			productRefGroup = FC6EF619BD462ADC93332AA9 /* Products */;
			projectDirPath = "";
			projectRoot = "";
			targets = (
				75BFDC222C4BB0762654E5A7 /* CatchFiveApp */,
			);
		};
/* End PBXProject section */

/* Begin PBXResourcesBuildPhase section */
		2AE7E62F095AD8B883C76F33 /* Resources */ = {
			isa = PBXResourcesBuildPhase;
			buildActionMask = 2147483647;
			files = (
				65AD9165C27E75A83C624D4B /* Assets.xcassets in Resources */,
				196ACFD1BDF12D1C68EB2805 /* PrivacyInfo.xcprivacy in Resources */,
			);
			runOnlyForDeploymentPostprocessing = 0;
		};
/* End PBXResourcesBuildPhase section */

/* Begin PBXSourcesBuildPhase section */
		D65F07D7E6C429985A6FA0E0 /* Sources */ = {
			isa = PBXSourcesBuildPhase;
			buildActionMask = 2147483647;
			files = (
				8389536425FF69B74BBC1DE5 /* CatchFiveApp.swift in Sources */,
			);
			runOnlyForDeploymentPostprocessing = 0;
		};
/* End PBXSourcesBuildPhase section */

/* Begin XCBuildConfiguration section */
		87BF0C235AAE9425FA02DD48 /* Debug */ = {
			isa = XCBuildConfiguration;
			buildSettings = {
				ALWAYS_SEARCH_USER_PATHS = NO;
				CLANG_ANALYZER_NONNULL = YES;
				CLANG_ANALYZER_NUMBER_OBJECT_CONVERSION = YES_AGGRESSIVE;
				CLANG_CXX_LANGUAGE_STANDARD = "gnu++14";
				CLANG_CXX_LIBRARY = "libc++";
				CLANG_ENABLE_MODULES = YES;
				CLANG_ENABLE_OBJC_ARC = YES;
				CLANG_ENABLE_OBJC_WEAK = YES;
				CLANG_WARN_BLOCK_CAPTURE_AUTORELEASING = YES;
				CLANG_WARN_BOOL_CONVERSION = YES;
				CLANG_WARN_COMMA = YES;
				CLANG_WARN_CONSTANT_CONVERSION = YES;
				CLANG_WARN_DEPRECATED_OBJC_IMPLEMENTATIONS = YES;
				CLANG_WARN_DIRECT_OBJC_ISA_USAGE = YES_ERROR;
				CLANG_WARN_DOCUMENTATION_COMMENTS = YES;
				CLANG_WARN_EMPTY_BODY = YES;
				CLANG_WARN_ENUM_CONVERSION = YES;
				CLANG_WARN_INFINITE_RECURSION = YES;
				CLANG_WARN_INT_CONVERSION = YES;
				CLANG_WARN_NON_LITERAL_NULL_CONVERSION = YES;
				CLANG_WARN_OBJC_IMPLICIT_RETAIN_SELF = YES;
				CLANG_WARN_OBJC_LITERAL_CONVERSION = YES;
				CLANG_WARN_OBJC_ROOT_CLASS = YES_ERROR;
				CLANG_WARN_QUOTED_INCLUDE_IN_FRAMEWORK_HEADER = YES;
				CLANG_WARN_RANGE_LOOP_ANALYSIS = YES;
				CLANG_WARN_STRICT_PROTOTYPES = YES;
				CLANG_WARN_SUSPICIOUS_MOVE = YES;
				CLANG_WARN_UNGUARDED_AVAILABILITY = YES_AGGRESSIVE;
				CLANG_WARN_UNREACHABLE_CODE = YES;
				CLANG_WARN__DUPLICATE_METHOD_MATCH = YES;
				COPY_PHASE_STRIP = NO;
				DEBUG_INFORMATION_FORMAT = dwarf;
				ENABLE_STRICT_OBJC_MSGSEND = YES;
				ENABLE_TESTABILITY = YES;
				GCC_C_LANGUAGE_STANDARD = gnu11;
				GCC_DYNAMIC_NO_PIC = NO;
				GCC_NO_COMMON_BLOCKS = YES;
				GCC_OPTIMIZATION_LEVEL = 0;
				GCC_PREPROCESSOR_DEFINITIONS = (
					"$(inherited)",
					"DEBUG=1",
				);
				GCC_WARN_64_TO_32_BIT_CONVERSION = YES;
				GCC_WARN_ABOUT_RETURN_TYPE = YES_ERROR;
				GCC_WARN_UNDECLARED_SELECTOR = YES;
				GCC_WARN_UNINITIALIZED_AUTOS = YES_AGGRESSIVE;
				GCC_WARN_UNUSED_FUNCTION = YES;
				GCC_WARN_UNUSED_VARIABLE = YES;
				IPHONEOS_DEPLOYMENT_TARGET = 17.0;
				MTL_ENABLE_DEBUG_INFO = INCLUDE_SOURCE;
				MTL_FAST_MATH = YES;
				ONLY_ACTIVE_ARCH = YES;
				PRODUCT_NAME = "$(TARGET_NAME)";
				SDKROOT = iphoneos;
				SWIFT_ACTIVE_COMPILATION_CONDITIONS = DEBUG;
				SWIFT_OPTIMIZATION_LEVEL = "-Onone";
				SWIFT_VERSION = 5.0;
			};
			name = Debug;
		};
		AE61833CD0E932B90BD3588A /* Release */ = {
			isa = XCBuildConfiguration;
			buildSettings = {
				ALWAYS_SEARCH_USER_PATHS = NO;
				CLANG_ANALYZER_NONNULL = YES;
				CLANG_ANALYZER_NUMBER_OBJECT_CONVERSION = YES_AGGRESSIVE;
				CLANG_CXX_LANGUAGE_STANDARD = "gnu++14";
				CLANG_CXX_LIBRARY = "libc++";
				CLANG_ENABLE_MODULES = YES;
				CLANG_ENABLE_OBJC_ARC = YES;
				CLANG_ENABLE_OBJC_WEAK = YES;
				CLANG_WARN_BLOCK_CAPTURE_AUTORELEASING = YES;
				CLANG_WARN_BOOL_CONVERSION = YES;
				CLANG_WARN_COMMA = YES;
				CLANG_WARN_CONSTANT_CONVERSION = YES;
				CLANG_WARN_DEPRECATED_OBJC_IMPLEMENTATIONS = YES;
				CLANG_WARN_DIRECT_OBJC_ISA_USAGE = YES_ERROR;
				CLANG_WARN_DOCUMENTATION_COMMENTS = YES;
				CLANG_WARN_EMPTY_BODY = YES;
				CLANG_WARN_ENUM_CONVERSION = YES;
				CLANG_WARN_INFINITE_RECURSION = YES;
				CLANG_WARN_INT_CONVERSION = YES;
				CLANG_WARN_NON_LITERAL_NULL_CONVERSION = YES;
				CLANG_WARN_OBJC_IMPLICIT_RETAIN_SELF = YES;
				CLANG_WARN_OBJC_LITERAL_CONVERSION = YES;
				CLANG_WARN_OBJC_ROOT_CLASS = YES_ERROR;
				CLANG_WARN_QUOTED_INCLUDE_IN_FRAMEWORK_HEADER = YES;
				CLANG_WARN_RANGE_LOOP_ANALYSIS = YES;
				CLANG_WARN_STRICT_PROTOTYPES = YES;
				CLANG_WARN_SUSPICIOUS_MOVE = YES;
				CLANG_WARN_UNGUARDED_AVAILABILITY = YES_AGGRESSIVE;
				CLANG_WARN_UNREACHABLE_CODE = YES;
				CLANG_WARN__DUPLICATE_METHOD_MATCH = YES;
				COPY_PHASE_STRIP = NO;
				DEBUG_INFORMATION_FORMAT = "dwarf-with-dsym";
				ENABLE_NS_ASSERTIONS = NO;
				ENABLE_STRICT_OBJC_MSGSEND = YES;
				GCC_C_LANGUAGE_STANDARD = gnu11;
				GCC_NO_COMMON_BLOCKS = YES;
				GCC_WARN_64_TO_32_BIT_CONVERSION = YES;
				GCC_WARN_ABOUT_RETURN_TYPE = YES_ERROR;
				GCC_WARN_UNDECLARED_SELECTOR = YES;
				GCC_WARN_UNINITIALIZED_AUTOS = YES_AGGRESSIVE;
				GCC_WARN_UNUSED_FUNCTION = YES;
				GCC_WARN_UNUSED_VARIABLE = YES;
				IPHONEOS_DEPLOYMENT_TARGET = 17.0;
				MTL_ENABLE_DEBUG_INFO = NO;
				MTL_FAST_MATH = YES;
				PRODUCT_NAME = "$(TARGET_NAME)";
				SDKROOT = iphoneos;
				SWIFT_COMPILATION_MODE = wholemodule;
				SWIFT_OPTIMIZATION_LEVEL = "-O";
				SWIFT_VERSION = 5.0;
			};
			name = Release;
		};
		CB8E366F03350FC0323AECBA /* Release */ = {
			isa = XCBuildConfiguration;
			buildSettings = {
				ASSETCATALOG_COMPILER_APPICON_NAME = AppIcon;
				CODE_SIGN_IDENTITY = "iPhone Developer";
				CODE_SIGN_STYLE = Automatic;
				CURRENT_PROJECT_VERSION = 1;
				GENERATE_INFOPLIST_FILE = YES;
				INFOPLIST_KEY_CFBundleDisplayName = "Catch 5";
				INFOPLIST_KEY_LSApplicationCategoryType = "public.app-category.card-games";
				INFOPLIST_KEY_UILaunchScreen_Generation = YES;
				INFOPLIST_KEY_UISupportedInterfaceOrientations = UIInterfaceOrientationPortrait;
				LD_RUNPATH_SEARCH_PATHS = (
					"$(inherited)",
					"@executable_path/Frameworks",
				);
				MARKETING_VERSION = 1.0;
				PRODUCT_BUNDLE_IDENTIFIER = com.cardgame.catchfive;
				SDKROOT = iphoneos;
				SWIFT_VERSION = 6.0;
				TARGETED_DEVICE_FAMILY = "1,2";
			};
			name = Release;
		};
		EA0C412629F4B939C4EB551A /* Debug */ = {
			isa = XCBuildConfiguration;
			buildSettings = {
				ASSETCATALOG_COMPILER_APPICON_NAME = AppIcon;
				CODE_SIGN_IDENTITY = "iPhone Developer";
				CODE_SIGN_STYLE = Automatic;
				CURRENT_PROJECT_VERSION = 1;
				GENERATE_INFOPLIST_FILE = YES;
				INFOPLIST_KEY_CFBundleDisplayName = "Catch 5";
				INFOPLIST_KEY_LSApplicationCategoryType = "public.app-category.card-games";
				INFOPLIST_KEY_UILaunchScreen_Generation = YES;
				INFOPLIST_KEY_UISupportedInterfaceOrientations = UIInterfaceOrientationPortrait;
				LD_RUNPATH_SEARCH_PATHS = (
					"$(inherited)",
					"@executable_path/Frameworks",
				);
				MARKETING_VERSION = 1.0;
				PRODUCT_BUNDLE_IDENTIFIER = com.cardgame.catchfive;
				SDKROOT = iphoneos;
				SWIFT_VERSION = 6.0;
				TARGETED_DEVICE_FAMILY = "1,2";
			};
			name = Debug;
		};
/* End XCBuildConfiguration section */

/* Begin XCConfigurationList section */
		0FD302E4218F032E6F275379 /* Build configuration list for PBXNativeTarget "CatchFiveApp" */ = {
			isa = XCConfigurationList;
			buildConfigurations = (
				EA0C412629F4B939C4EB551A /* Debug */,
				CB8E366F03350FC0323AECBA /* Release */,
			);
			defaultConfigurationIsVisible = 0;
			defaultConfigurationName = Debug;
		};
		27511F5CE595B8C41CE486FA /* Build configuration list for PBXProject "CatchFive" */ = {
			isa = XCConfigurationList;
			buildConfigurations = (
				87BF0C235AAE9425FA02DD48 /* Debug */,
				AE61833CD0E932B90BD3588A /* Release */,
			);
			defaultConfigurationIsVisible = 0;
			defaultConfigurationName = Debug;
		};
/* End XCConfigurationList section */

/* Begin XCLocalSwiftPackageReference section */
		159809E2370BF38BBC47AECA /* XCLocalSwiftPackageReference "." */ = {
			isa = XCLocalSwiftPackageReference;
			relativePath = .;
		};
/* End XCLocalSwiftPackageReference section */

/* Begin XCSwiftPackageProductDependency section */
		8C3AEDE87BDF11591300F118 /* CatchFiveUI */ = {
			isa = XCSwiftPackageProductDependency;
			productName = CatchFiveUI;
		};
/* End XCSwiftPackageProductDependency section */
	};
	rootObject = 64BA1759B07DF0049DB38550 /* Project object */;
}
